
Microsoft Visual Studio Solution File, Format Version 12.00
Project("{F2A71F9B-5D33-465A-A702-920D77279786}") = "GY.Teleport", "GY.TeleportUI\GY.TeleportUI.fsproj", "{BB494AFF-399D-43D3-9C9A-70F36D7377BD}"
EndProject
Global
	GlobalSection(SolutionConfigurationPlatforms) = preSolution
		Debug|Any CPU = Debug|Any CPU
		Release|Any CPU = Release|Any CPU
	EndGlobalSection
	GlobalSection(ProjectConfigurationPlatforms) = postSolution
		{BB494AFF-399D-43D3-9C9A-70F36D7377BD}.Debug|Any CPU.ActiveCfg = Debug|Any CPU
		{BB494AFF-399D-43D3-9C9A-70F36D7377BD}.Debug|Any CPU.Build.0 = Debug|Any CPU
		{BB494AFF-399D-43D3-9C9A-70F36D7377BD}.Release|Any CPU.ActiveCfg = Release|Any CPU
		{BB494AFF-399D-43D3-9C9A-70F36D7377BD}.Release|Any CPU.Build.0 = Release|Any CPU
	EndGlobalSection
EndGlobal
